
Microsoft Visual Studio Solution File, Format Version 12.00
Project("{FAE04EC0-301F-11D3-BF4B-00C04F79EFBC}") = "Entities", "Entities\Entities.csproj", "{4FE36661-8570-451C-B04D-D9A18C5D7931}"
EndProject
Project("{FAE04EC0-301F-11D3-BF4B-00C04F79EFBC}") = "Service", "Service\Service.csproj", "{47A61D3E-8A01-442D-A3BB-75AB62998ECE}"
EndProject
Project("{FAE04EC0-301F-11D3-BF4B-00C04F79EFBC}") = "Repository", "Repository\Repository.csproj", "{C981D95B-A3A0-48FE-89FA-06FF8F6D6D97}"
EndProject
Project("{FAE04EC0-301F-11D3-BF4B-00C04F79EFBC}") = "Core", "Core\Core.csproj", "{2040A357-24A3-4154-B6A0-59D5C2A4E661}"
EndProject
Project("{FAE04EC0-301F-11D3-BF4B-00C04F79EFBC}") = "CrossCutting", "CrossCutting\CrossCutting.csproj", "{0AAB6F00-325A-4F3A-9E17-D58D3E530624}"
EndProject
Project("{FAE04EC0-301F-11D3-BF4B-00C04F79EFBC}") = "MVC.Web.API", "MVC.Web.API\MVC.Web.API.csproj", "{05D60FF5-86A9-4055-886F-FED3D03A128B}"
EndProject
Global
	GlobalSection(SolutionConfigurationPlatforms) = preSolution
		Debug|Any CPU = Debug|Any CPU
		Release|Any CPU = Release|Any CPU
	EndGlobalSection
	GlobalSection(ProjectConfigurationPlatforms) = postSolution
		{4FE36661-8570-451C-B04D-D9A18C5D7931}.Debug|Any CPU.ActiveCfg = Debug|Any CPU
		{4FE36661-8570-451C-B04D-D9A18C5D7931}.Debug|Any CPU.Build.0 = Debug|Any CPU
		{4FE36661-8570-451C-B04D-D9A18C5D7931}.Release|Any CPU.ActiveCfg = Release|Any CPU
		{4FE36661-8570-451C-B04D-D9A18C5D7931}.Release|Any CPU.Build.0 = Release|Any CPU
		{47A61D3E-8A01-442D-A3BB-75AB62998ECE}.Debug|Any CPU.ActiveCfg = Debug|Any CPU
		{47A61D3E-8A01-442D-A3BB-75AB62998ECE}.Debug|Any CPU.Build.0 = Debug|Any CPU
		{47A61D3E-8A01-442D-A3BB-75AB62998ECE}.Release|Any CPU.ActiveCfg = Release|Any CPU
		{47A61D3E-8A01-442D-A3BB-75AB62998ECE}.Release|Any CPU.Build.0 = Release|Any CPU
		{C981D95B-A3A0-48FE-89FA-06FF8F6D6D97}.Debug|Any CPU.ActiveCfg = Debug|Any CPU
		{C981D95B-A3A0-48FE-89FA-06FF8F6D6D97}.Debug|Any CPU.Build.0 = Debug|Any CPU
		{C981D95B-A3A0-48FE-89FA-06FF8F6D6D97}.Release|Any CPU.ActiveCfg = Release|Any CPU
		{C981D95B-A3A0-48FE-89FA-06FF8F6D6D97}.Release|Any CPU.Build.0 = Release|Any CPU
		{2040A357-24A3-4154-B6A0-59D5C2A4E661}.Debug|Any CPU.ActiveCfg = Debug|Any CPU
		{2040A357-24A3-4154-B6A0-59D5C2A4E661}.Debug|Any CPU.Build.0 = Debug|Any CPU
		{2040A357-24A3-4154-B6A0-59D5C2A4E661}.Release|Any CPU.ActiveCfg = Release|Any CPU
		{2040A357-24A3-4154-B6A0-59D5C2A4E661}.Release|Any CPU.Build.0 = Release|Any CPU
		{0AAB6F00-325A-4F3A-9E17-D58D3E530624}.Debug|Any CPU.ActiveCfg = Debug|Any CPU
		{0AAB6F00-325A-4F3A-9E17-D58D3E530624}.Debug|Any CPU.Build.0 = Debug|Any CPU
		{0AAB6F00-325A-4F3A-9E17-D58D3E530624}.Release|Any CPU.ActiveCfg = Release|Any CPU
		{0AAB6F00-325A-4F3A-9E17-D58D3E530624}.Release|Any CPU.Build.0 = Release|Any CPU
		{05D60FF5-86A9-4055-886F-FED3D03A128B}.Debug|Any CPU.ActiveCfg = Debug|Any CPU
		{05D60FF5-86A9-4055-886F-FED3D03A128B}.Debug|Any CPU.Build.0 = Debug|Any CPU
		{05D60FF5-86A9-4055-886F-FED3D03A128B}.Release|Any CPU.ActiveCfg = Release|Any CPU
		{05D60FF5-86A9-4055-886F-FED3D03A128B}.Release|Any CPU.Build.0 = Release|Any CPU
	EndGlobalSection
EndGlobal
